
Microsoft Visual Studio Solution File, Format Version 12.00
# Visual Studio Version 16
VisualStudioVersion = 16.0.30907.101
MinimumVisualStudioVersion = 10.0.40219.1
Project("{FAE04EC0-301F-11D3-BF4B-00C04F79EFBC}") = "CorePortfolio01-Youngjae Lee", "CorePortfolio01-Youngjae Lee\CorePortfolio01-Youngjae Lee.csproj", "{8F349240-6581-4A39-95AF-BE04CA3C6CAB}"
EndProject
Global
	GlobalSection(SolutionConfigurationPlatforms) = preSolution
		Debug|Any CPU = Debug|Any CPU
		Release|Any CPU = Release|Any CPU
	EndGlobalSection
	GlobalSection(ProjectConfigurationPlatforms) = postSolution
		{8F349240-6581-4A39-95AF-BE04CA3C6CAB}.Debug|Any CPU.ActiveCfg = Debug|Any CPU
		{8F349240-6581-4A39-95AF-BE04CA3C6CAB}.Debug|Any CPU.Build.0 = Debug|Any CPU
		{8F349240-6581-4A39-95AF-BE04CA3C6CAB}.Release|Any CPU.ActiveCfg = Release|Any CPU
		{8F349240-6581-4A39-95AF-BE04CA3C6CAB}.Release|Any CPU.Build.0 = Release|Any CPU
	EndGlobalSection
	GlobalSection(SolutionProperties) = preSolution
		HideSolutionNode = FALSE
	EndGlobalSection
	GlobalSection(ExtensibilityGlobals) = postSolution
		SolutionGuid = {5AA242D6-3A57-4BB2-80BD-5571E50FECC8}
	EndGlobalSection
EndGlobal
